lockfileVersion: '9.0'

settings:
  autoInstallPeers: true
  excludeLinksFromLockfile: false

importers:

  .:
    dependencies:
      marked:
        specifier: ^17.0.0
        version: 17.0.0

packages:

  marked@17.0.0:
    resolution: {integrity: sha512-KkDYEWEEiYJw/KC+DVm1zzlpMQSMIu6YRltkcCvwheCp8HWPXCk9JwOmHJKBlGfzcpzcIt6x3sMnTsRm/51oDg==}
    engines: {node: '>= 20'}
    hasBin: true

snapshots:

  marked@17.0.0: {}
